
Microsoft Visual Studio Solution File, Format Version 12.00
# Visual Studio Version 16
VisualStudioVersion = 16.0.30611.23
MinimumVisualStudioVersion = 10.0.40219.1
Project("{FAE04EC0-301F-11D3-BF4B-00C04F79EFBC}") = "ImageRecognition1", "ImageRecognition1\ImageRecognition1.csproj", "{1DA24034-B622-464B-8D24-75EABC666AEB}"
EndProject
Project("{9A19103F-16F7-4668-BE54-9A1E7A4F7556}") = "ImageRecognition1ML.Model", "ImageRecognition1ML.Model\ImageRecognition1ML.Model.csproj", "{6EA5CE15-4B38-4E64-84B0-F29AA4FDB5B8}"
EndProject
Project("{9A19103F-16F7-4668-BE54-9A1E7A4F7556}") = "ImageRecognition1ML.ConsoleApp", "ImageRecognition1ML.ConsoleApp\ImageRecognition1ML.ConsoleApp.csproj", "{0D1A528D-162E-4988-BFA5-8DF9C1618AEC}"
EndProject
Global
	GlobalSection(SolutionConfigurationPlatforms) = preSolution
		Debug|Any CPU = Debug|Any CPU
		Release|Any CPU = Release|Any CPU
	EndGlobalSection
	GlobalSection(ProjectConfigurationPlatforms) = postSolution
		{1DA24034-B622-464B-8D24-75EABC666AEB}.Debug|Any CPU.ActiveCfg = Debug|Any CPU
		{1DA24034-B622-464B-8D24-75EABC666AEB}.Debug|Any CPU.Build.0 = Debug|Any CPU
		{1DA24034-B622-464B-8D24-75EABC666AEB}.Release|Any CPU.ActiveCfg = Release|Any CPU
		{1DA24034-B622-464B-8D24-75EABC666AEB}.Release|Any CPU.Build.0 = Release|Any CPU
		{6EA5CE15-4B38-4E64-84B0-F29AA4FDB5B8}.Debug|Any CPU.ActiveCfg = Debug|Any CPU
		{6EA5CE15-4B38-4E64-84B0-F29AA4FDB5B8}.Debug|Any CPU.Build.0 = Debug|Any CPU
		{6EA5CE15-4B38-4E64-84B0-F29AA4FDB5B8}.Release|Any CPU.ActiveCfg = Release|Any CPU
		{6EA5CE15-4B38-4E64-84B0-F29AA4FDB5B8}.Release|Any CPU.Build.0 = Release|Any CPU
		{0D1A528D-162E-4988-BFA5-8DF9C1618AEC}.Debug|Any CPU.ActiveCfg = Debug|Any CPU
		{0D1A528D-162E-4988-BFA5-8DF9C1618AEC}.Debug|Any CPU.Build.0 = Debug|Any CPU
		{0D1A528D-162E-4988-BFA5-8DF9C1618AEC}.Release|Any CPU.ActiveCfg = Release|Any CPU
		{0D1A528D-162E-4988-BFA5-8DF9C1618AEC}.Release|Any CPU.Build.0 = Release|Any CPU
	EndGlobalSection
	GlobalSection(SolutionProperties) = preSolution
		HideSolutionNode = FALSE
	EndGlobalSection
	GlobalSection(ExtensibilityGlobals) = postSolution
		SolutionGuid = {2A62EBBD-2EF1-4B66-AEFB-42F756CD6685}
	EndGlobalSection
EndGlobal
